{
  "name": "iteration-02",
  "version": "1.0.0",
  "lockfileVersion": 1,
  "requires": true,
  "dependencies": {
    "ip": {
      "version": "1.1.5",
      "resolved": "https://registry.npmjs.org/ip/-/ip-1.1.5.tgz",
      "integrity": "sha1-vd7XARQpCCjAoDnnLvJfWq7ENUo="
    },
    "keypair": {
      "version": "1.0.1",
      "resolved": "https://registry.npmjs.org/keypair/-/keypair-1.0.1.tgz",
      "integrity": "sha1-dgNxknCvtlZO04oiCHoG/Jqk6hs="
    }
  }
}
